
Microsoft Visual Studio Solution File, Format Version 12.00
# Visual Studio Version 17
VisualStudioVersion = 17.2.32630.192
MinimumVisualStudioVersion = 10.0.40219.1
Project("{FAE04EC0-301F-11D3-BF4B-00C04F79EFBC}") = "AarcoNetCoreMVC", "AarcoNetCoreMVC\AarcoNetCoreMVC.csproj", "{074643A5-90D9-44DB-8718-76DA61884CF0}"
EndProject
Global
	GlobalSection(SolutionConfigurationPlatforms) = preSolution
		Debug|Any CPU = Debug|Any CPU
		Release|Any CPU = Release|Any CPU
	EndGlobalSection
	GlobalSection(ProjectConfigurationPlatforms) = postSolution
		{074643A5-90D9-44DB-8718-76DA61884CF0}.Debug|Any CPU.ActiveCfg = Debug|Any CPU
		{074643A5-90D9-44DB-8718-76DA61884CF0}.Debug|Any CPU.Build.0 = Debug|Any CPU
		{074643A5-90D9-44DB-8718-76DA61884CF0}.Release|Any CPU.ActiveCfg = Release|Any CPU
		{074643A5-90D9-44DB-8718-76DA61884CF0}.Release|Any CPU.Build.0 = Release|Any CPU
	EndGlobalSection
	GlobalSection(SolutionProperties) = preSolution
		HideSolutionNode = FALSE
	EndGlobalSection
	GlobalSection(ExtensibilityGlobals) = postSolution
		SolutionGuid = {B3F5D909-8F45-490E-BBF8-E80179868D8A}
	EndGlobalSection
EndGlobal
